
Microsoft Visual Studio Solution File, Format Version 12.00
# Visual Studio Version 16
VisualStudioVersion = 16.0.31129.286
MinimumVisualStudioVersion = 10.0.40219.1
Project("{FAE04EC0-301F-11D3-BF4B-00C04F79EFBC}") = "DoubleNumbers", "DoubleNumbers\DoubleNumbers.csproj", "{E3EDC14D-737C-4109-BC33-3794CC4FFBAC}"
EndProject
Global
	GlobalSection(SolutionConfigurationPlatforms) = preSolution
		Debug|Any CPU = Debug|Any CPU
		Release|Any CPU = Release|Any CPU
	EndGlobalSection
	GlobalSection(ProjectConfigurationPlatforms) = postSolution
		{E3EDC14D-737C-4109-BC33-3794CC4FFBAC}.Debug|Any CPU.ActiveCfg = Debug|Any CPU
		{E3EDC14D-737C-4109-BC33-3794CC4FFBAC}.Debug|Any CPU.Build.0 = Debug|Any CPU
		{E3EDC14D-737C-4109-BC33-3794CC4FFBAC}.Release|Any CPU.ActiveCfg = Release|Any CPU
		{E3EDC14D-737C-4109-BC33-3794CC4FFBAC}.Release|Any CPU.Build.0 = Release|Any CPU
	EndGlobalSection
	GlobalSection(SolutionProperties) = preSolution
		HideSolutionNode = FALSE
	EndGlobalSection
	GlobalSection(ExtensibilityGlobals) = postSolution
		SolutionGuid = {5785B27C-9612-43CE-B8AA-DC1D06A715A2}
	EndGlobalSection
EndGlobal
