
Microsoft Visual Studio Solution File, Format Version 12.00
# Visual Studio Version 16
VisualStudioVersion = 16.0.31129.286
MinimumVisualStudioVersion = 10.0.40219.1
Project("{FAE04EC0-301F-11D3-BF4B-00C04F79EFBC}") = "StringBrackets", "StringBrackets\StringBrackets.csproj", "{206649CD-6591-491B-A1D4-0DE7C890A707}"
EndProject
Global
	GlobalSection(SolutionConfigurationPlatforms) = preSolution
		Debug|Any CPU = Debug|Any CPU
		Release|Any CPU = Release|Any CPU
	EndGlobalSection
	GlobalSection(ProjectConfigurationPlatforms) = postSolution
		{206649CD-6591-491B-A1D4-0DE7C890A707}.Debug|Any CPU.ActiveCfg = Debug|Any CPU
		{206649CD-6591-491B-A1D4-0DE7C890A707}.Debug|Any CPU.Build.0 = Debug|Any CPU
		{206649CD-6591-491B-A1D4-0DE7C890A707}.Release|Any CPU.ActiveCfg = Release|Any CPU
		{206649CD-6591-491B-A1D4-0DE7C890A707}.Release|Any CPU.Build.0 = Release|Any CPU
	EndGlobalSection
	GlobalSection(SolutionProperties) = preSolution
		HideSolutionNode = FALSE
	EndGlobalSection
	GlobalSection(ExtensibilityGlobals) = postSolution
		SolutionGuid = {87483EBE-69A5-4509-9EDD-682CBB3E9D06}
	EndGlobalSection
EndGlobal
