
Microsoft Visual Studio Solution File, Format Version 12.00
# Visual Studio Version 16
VisualStudioVersion = 16.0.31129.286
MinimumVisualStudioVersion = 10.0.40219.1
Project("{FAE04EC0-301F-11D3-BF4B-00C04F79EFBC}") = "Coin", "Coin\Coin.csproj", "{8507A35A-1521-4A34-8230-112F3E5C997A}"
EndProject
Global
	GlobalSection(SolutionConfigurationPlatforms) = preSolution
		Debug|Any CPU = Debug|Any CPU
		Release|Any CPU = Release|Any CPU
	EndGlobalSection
	GlobalSection(ProjectConfigurationPlatforms) = postSolution
		{8507A35A-1521-4A34-8230-112F3E5C997A}.Debug|Any CPU.ActiveCfg = Debug|Any CPU
		{8507A35A-1521-4A34-8230-112F3E5C997A}.Debug|Any CPU.Build.0 = Debug|Any CPU
		{8507A35A-1521-4A34-8230-112F3E5C997A}.Release|Any CPU.ActiveCfg = Release|Any CPU
		{8507A35A-1521-4A34-8230-112F3E5C997A}.Release|Any CPU.Build.0 = Release|Any CPU
	EndGlobalSection
	GlobalSection(SolutionProperties) = preSolution
		HideSolutionNode = FALSE
	EndGlobalSection
	GlobalSection(ExtensibilityGlobals) = postSolution
		SolutionGuid = {FC471924-B3DB-4E01-BCDB-EA9032BF0243}
	EndGlobalSection
EndGlobal
